// !$*UTF8*$!
{
	archiveVersion = 1;
	classes = {
	};
	objectVersion = 46;
	objects = {

/* Begin PBXBuildFile section */
		A47B0E4A1BB9776300B5FA11 /* main.m in Sources */ = {isa = PBXBuildFile; fileRef = A47B0E491BB9776300B5FA11 /* main.m */; };
		A47B0E4D1BB9776300B5FA11 /* AppDelegate.m in Sources */ = {isa = PBXBuildFile; fileRef = A47B0E4C1BB9776300B5FA11 /* AppDelegate.m */; };
		A47B0E501BB9776300B5FA11 /* ViewController.m in Sources */ = {isa = PBXBuildFile; fileRef = A47B0E4F1BB9776300B5FA11 /* ViewController.m */; };
		A47B0E531BB9776300B5FA11 /* Main.storyboard in Resources */ = {isa = PBXBuildFile; fileRef = A47B0E511BB9776300B5FA11 /* Main.storyboard */; };
		A47B0E551BB9776300B5FA11 /* Assets.xcassets in Resources */ = {isa = PBXBuildFile; fileRef = A47B0E541BB9776300B5FA11 /* Assets.xcassets */; };
		A47B0E581BB9776300B5FA11 /* LaunchScreen.storyboard in Resources */ = {isa = PBXBuildFile; fileRef = A47B0E561BB9776300B5FA11 /* LaunchScreen.storyboard */; };
/* End PBXBuildFile section */

/* Begin PBXFileReference section */
		A47B0E451BB9776300B5FA11 /* AutolayoutDemo.app */ = {isa = PBXFileReference; explicitFileType = wrapper.application; includeInIndex = 0; path = AutolayoutDemo.app; sourceTree = BUILT_PRODUCTS_DIR; };
		A47B0E491BB9776300B5FA11 /* main.m */ = {isa = PBXFileReference; lastKnownFileType = sourcecode.c.objc; path = main.m; sourceTree = "<group>"; };
		A47B0E4B1BB9776300B5FA11 /* AppDelegate.h */ = {isa = PBXFileReference; lastKnownFileType = sourcecode.c.h; path = AppDelegate.h; sourceTree = "<group>"; };
		A47B0E4C1BB9776300B5FA11 /* AppDelegate.m */ = {isa = PBXFileReference; lastKnownFileType = sourcecode.c.objc; path = AppDelegate.m; sourceTree = "<group>"; };
		A47B0E4E1BB9776300B5FA11 /* ViewController.h */ = {isa = PBXFileReference; lastKnownFileType = sourcecode.c.h; path = ViewController.h; sourceTree = "<group>"; };
		A47B0E4F1BB9776300B5FA11 /* ViewController.m */ = {isa = PBXFileReference; lastKnownFileType = sourcecode.c.objc; path = ViewController.m; sourceTree = "<group>"; };
		A47B0E521BB9776300B5FA11 /* Base */ = {isa = PBXFileReference; lastKnownFileType = file.storyboard; name = Base; path = Base.lproj/Main.storyboard; sourceTree = "<group>"; };
		A47B0E541BB9776300B5FA11 /* Assets.xcassets */ = {isa = PBXFileReference; lastKnownFileType = folder.assetcatalog; path = Assets.xcassets; sourceTree = "<group>"; };
		A47B0E571BB9776300B5FA11 /* Base */ = {isa = PBXFileReference; lastKnownFileType = file.storyboard; name = Base; path = Base.lproj/LaunchScreen.storyboard; sourceTree = "<group>"; };
		A47B0E591BB9776300B5FA11 /* Info.plist */ = {isa = PBXFileReference; lastKnownFileType = text.plist.xml; path = Info.plist; sourceTree = "<group>"; };
/* End PBXFileReference section */

/* Begin PBXFrameworksBuildPhase section */
		A47B0E421BB9776300B5FA11 /* Frameworks */ = {
			isa = PBXFrameworksBuildPhase;
			buildActionMask = 2147483647;
			files = (
			);
			runOnlyForDeploymentPostprocessing = 0;
		};
/* End PBXFrameworksBuildPhase section */

/* Begin PBXGroup section */
		A47B0E3C1BB9776300B5FA11 = {
			isa = PBXGroup;
			children = (
				A47B0E471BB9776300B5FA11 /* AutolayoutDemo */,
				A47B0E461BB9776300B5FA11 /* Products */,
			);
			sourceTree = "<group>";
		};
		A47B0E461BB9776300B5FA11 /* Products */ = {
			isa = PBXGroup;
			children = (
				A47B0E451BB9776300B5FA11 /* AutolayoutDemo.app */,
			);
			name = Products;
			sourceTree = "<group>";
		};
		A47B0E471BB9776300B5FA11 /* AutolayoutDemo */ = {
			isa = PBXGroup;
			children = (
				A47B0E4B1BB9776300B5FA11 /* AppDelegate.h */,
				A47B0E4C1BB9776300B5FA11 /* AppDelegate.m */,
				A47B0E4E1BB9776300B5FA11 /* ViewController.h */,
				A47B0E4F1BB9776300B5FA11 /* ViewController.m */,
				A47B0E511BB9776300B5FA11 /* Main.storyboard */,
				A47B0E541BB9776300B5FA11 /* Assets.xcassets */,
				A47B0E561BB9776300B5FA11 /* LaunchScreen.storyboard */,
				A47B0E591BB9776300B5FA11 /* Info.plist */,
				A47B0E481BB9776300B5FA11 /* Supporting Files */,
			);
			path = AutolayoutDemo;
			sourceTree = "<group>";
		};
		A47B0E481BB9776300B5FA11 /* Supporting Files */ = {
			isa = PBXGroup;
			children = (
				A47B0E491BB9776300B5FA11 /* main.m */,
			);
			name = "Supporting Files";
			sourceTree = "<group>";
		};
/* End PBXGroup section */

/* Begin PBXNativeTarget section */
		A47B0E441BB9776300B5FA11 /* AutolayoutDemo */ = {
			isa = PBXNativeTarget;
			buildConfigurationList = A47B0E5C1BB9776300B5FA11 /* Build configuration list for PBXNativeTarget "AutolayoutDemo" */;
			buildPhases = (
				A47B0E411BB9776300B5FA11 /* Sources */,
				A47B0E421BB9776300B5FA11 /* Frameworks */,
				A47B0E431BB9776300B5FA11 /* Resources */,
			);
			buildRules = (
			);
			dependencies = (
			);
			name = AutolayoutDemo;
			productName = AutolayoutDemo;
			productReference = A47B0E451BB9776300B5FA11 /* AutolayoutDemo.app */;
			productType = "com.apple.product-type.application";
		};
/* End PBXNativeTarget section */

/* Begin PBXProject section */
		A47B0E3D1BB9776300B5FA11 /* Project object */ = {
			isa = PBXProject;
			attributes = {
				LastUpgradeCheck = 0700;
				ORGANIZATIONNAME = "唐有欢";
				TargetAttributes = {
					A47B0E441BB9776300B5FA11 = {
						CreatedOnToolsVersion = 7.0;
						DevelopmentTeam = 2AH7GW2HNG;
					};
				};
			};
			buildConfigurationList = A47B0E401BB9776300B5FA11 /* Build configuration list for PBXProject "AutolayoutDemo" */;
			compatibilityVersion = "Xcode 3.2";
			developmentRegion = English;
			hasScannedForEncodings = 0;
			knownRegions = (
				en,
				Base,
			);
			mainGroup = A47B0E3C1BB9776300B5FA11;
			productRefGroup = A47B0E461BB9776300B5FA11 /* Products */;
			projectDirPath = "";
			projectRoot = "";
			targets = (
				A47B0E441BB9776300B5FA11 /* AutolayoutDemo */,
			);
		};
/* End PBXProject section */

/* Begin PBXResourcesBuildPhase section */
		A47B0E431BB9776300B5FA11 /* Resources */ = {
			isa = PBXResourcesBuildPhase;
			buildActionMask = 2147483647;
			files = (
				A47B0E581BB9776300B5FA11 /* LaunchScreen.storyboard in Resources */,
				A47B0E551BB9776300B5FA11 /* Assets.xcassets in Resources */,
				A47B0E531BB9776300B5FA11 /* Main.storyboard in Resources */,
			);
			runOnlyForDeploymentPostprocessing = 0;
		};
/* End PBXResourcesBuildPhase section */

/* Begin PBXSourcesBuildPhase section */
		A47B0E411BB9776300B5FA11 /* Sources */ = {
			isa = PBXSourcesBuildPhase;
			buildActionMask = 2147483647;
			files = (
				A47B0E501BB9776300B5FA11 /* ViewController.m in Sources */,
				A47B0E4D1BB9776300B5FA11 /* AppDelegate.m in Sources */,
				A47B0E4A1BB9776300B5FA11 /* main.m in Sources */,
			);
			runOnlyForDeploymentPostprocessing = 0;
		};
/* End PBXSourcesBuildPhase section */

/* Begin PBXVariantGroup section */
		A47B0E511BB9776300B5FA11 /* Main.storyboard */ = {
			isa = PBXVariantGroup;
			children = (
				A47B0E521BB9776300B5FA11 /* Base */,
			);
			name = Main.storyboard;
			sourceTree = "<group>";
		};
		A47B0E561BB9776300B5FA11 /* LaunchScreen.storyboard */ = {
			isa = PBXVariantGroup;
			children = (
				A47B0E571BB9776300B5FA11 /* Base */,
			);
			name = LaunchScreen.storyboard;
			sourceTree = "<group>";
		};
/* End PBXVariantGroup section */

/* Begin XCBuildConfiguration section */
		A47B0E5A1BB9776300B5FA11 /* Debug */ = {
			isa = XCBuildConfiguration;
			buildSettings = {
				ALWAYS_SEARCH_USER_PATHS = NO;
				CLANG_CXX_LANGUAGE_STANDARD = "gnu++0x";
				CLANG_CXX_LIBRARY = "libc++";
				CLANG_ENABLE_MODULES = YES;
				CLANG_ENABLE_OBJC_ARC = YES;
				CLANG_WARN_BOOL_CONVERSION = YES;
				CLANG_WARN_CONSTANT_CONVERSION = YES;
				CLANG_WARN_DIRECT_OBJC_ISA_USAGE = YES_ERROR;
				CLANG_WARN_EMPTY_BODY = YES;
				CLANG_WARN_ENUM_CONVERSION = YES;
				CLANG_WARN_INT_CONVERSION = YES;
				CLANG_WARN_OBJC_ROOT_CLASS = YES_ERROR;
				CLANG_WARN_UNREACHABLE_CODE = YES;
				CLANG_WARN__DUPLICATE_METHOD_MATCH = YES;
				"CODE_SIGN_IDENTITY[sdk=iphoneos*]" = "iPhone Developer";
				COPY_PHASE_STRIP = NO;
				DEBUG_INFORMATION_FORMAT = dwarf;
				ENABLE_STRICT_OBJC_MSGSEND = YES;
				ENABLE_TESTABILITY = YES;
				GCC_C_LANGUAGE_STANDARD = gnu99;
				GCC_DYNAMIC_NO_PIC = NO;
				GCC_NO_COMMON_BLOCKS = YES;
				GCC_OPTIMIZATION_LEVEL = 0;
				GCC_PREPROCESSOR_DEFINITIONS = (
					"DEBUG=1",
					"$(inherited)",
				);
				GCC_WARN_64_TO_32_BIT_CONVERSION = YES;
				GCC_WARN_ABOUT_RETURN_TYPE = YES_ERROR;
				GCC_WARN_UNDECLARED_SELECTOR = YES;
				GCC_WARN_UNINITIALIZED_AUTOS = YES_AGGRESSIVE;
				GCC_WARN_UNUSED_FUNCTION = YES;
				GCC_WARN_UNUSED_VARIABLE = YES;
				IPHONEOS_DEPLOYMENT_TARGET = 9.0;
				MTL_ENABLE_DEBUG_INFO = YES;
				ONLY_ACTIVE_ARCH = YES;
				SDKROOT = iphoneos;
			};
			name = Debug;
		};
		A47B0E5B1BB9776300B5FA11 /* Release */ = {
			isa = XCBuildConfiguration;
			buildSettings = {
				ALWAYS_SEARCH_USER_PATHS = NO;
				CLANG_CXX_LANGUAGE_STANDARD = "gnu++0x";
				CLANG_CXX_LIBRARY = "libc++";
				CLANG_ENABLE_MODULES = YES;
				CLANG_ENABLE_OBJC_ARC = YES;
				CLANG_WARN_BOOL_CONVERSION = YES;
				CLANG_WARN_CONSTANT_CONVERSION = YES;
				CLANG_WARN_DIRECT_OBJC_ISA_USAGE = YES_ERROR;
				CLANG_WARN_EMPTY_BODY = YES;
				CLANG_WARN_ENUM_CONVERSION = YES;
				CLANG_WARN_INT_CONVERSION = YES;
				CLANG_WARN_OBJC_ROOT_CLASS = YES_ERROR;
				CLANG_WARN_UNREACHABLE_CODE = YES;
				CLANG_WARN__DUPLICATE_METHOD_MATCH = YES;
				"CODE_SIGN_IDENTITY[sdk=iphoneos*]" = "iPhone Developer";
				COPY_PHASE_STRIP = NO;
				DEBUG_INFORMATION_FORMAT = "dwarf-with-dsym";
				ENABLE_NS_ASSERTIONS = NO;
				ENABLE_STRICT_OBJC_MSGSEND = YES;
				GCC_C_LANGUAGE_STANDARD = gnu99;
				GCC_NO_COMMON_BLOCKS = YES;
				GCC_WARN_64_TO_32_BIT_CONVERSION = YES;
				GCC_WARN_ABOUT_RETURN_TYPE = YES_ERROR;
				GCC_WARN_UNDECLARED_SELECTOR = YES;
				GCC_WARN_UNINITIALIZED_AUTOS = YES_AGGRESSIVE;
				GCC_WARN_UNUSED_FUNCTION = YES;
				GCC_WARN_UNUSED_VARIABLE = YES;
				IPHONEOS_DEPLOYMENT_TARGET = 9.0;
				MTL_ENABLE_DEBUG_INFO = NO;
				SDKROOT = iphoneos;
				VALIDATE_PRODUCT = YES;
			};
			name = Release;
		};
		A47B0E5D1BB9776300B5FA11 /* Debug */ = {
			isa = XCBuildConfiguration;
			buildSettings = {
				ASSETCATALOG_COMPILER_APPICON_NAME = AppIcon;
				INFOPLIST_FILE = AutolayoutDemo/Info.plist;
				LD_RUNPATH_SEARCH_PATHS = "$(inherited) @executable_path/Frameworks";
				PRODUCT_BUNDLE_IDENTIFIER = com.tang.AutolayoutDemo;
				PRODUCT_NAME = "$(TARGET_NAME)";
			};
			name = Debug;
		};
		A47B0E5E1BB9776300B5FA11 /* Release */ = {
			isa = XCBuildConfiguration;
			buildSettings = {
				ASSETCATALOG_COMPILER_APPICON_NAME = AppIcon;
				INFOPLIST_FILE = AutolayoutDemo/Info.plist;
				LD_RUNPATH_SEARCH_PATHS = "$(inherited) @executable_path/Frameworks";
				PRODUCT_BUNDLE_IDENTIFIER = com.tang.AutolayoutDemo;
				PRODUCT_NAME = "$(TARGET_NAME)";
			};
			name = Release;
		};
/* End XCBuildConfiguration section */

/* Begin XCConfigurationList section */
		A47B0E401BB9776300B5FA11 /* Build configuration list for PBXProject "AutolayoutDemo" */ = {
			isa = XCConfigurationList;
			buildConfigurations = (
				A47B0E5A1BB9776300B5FA11 /* Debug */,
				A47B0E5B1BB9776300B5FA11 /* Release */,
			);
			defaultConfigurationIsVisible = 0;
			defaultConfigurationName = Release;
		};
		A47B0E5C1BB9776300B5FA11 /* Build configuration list for PBXNativeTarget "AutolayoutDemo" */ = {
			isa = XCConfigurationList;
			buildConfigurations = (
				A47B0E5D1BB9776300B5FA11 /* Debug */,
				A47B0E5E1BB9776300B5FA11 /* Release */,
			);
			defaultConfigurationIsVisible = 0;
		};
/* End XCConfigurationList section */
	};
	rootObject = A47B0E3D1BB9776300B5FA11 /* Project object */;
}
